
Microsoft Visual Studio Solution File, Format Version 12.00
# Visual Studio Version 17
VisualStudioVersion = 17.7.34031.279
MinimumVisualStudioVersion = 10.0.40219.1
Project("{FAE04EC0-301F-11D3-BF4B-00C04F79EFBC}") = "laba_Inheritance._Polymorphism", "laba_Inheritance._Polymorphism.csproj", "{2A400A70-0316-441E-B76C-ECA73A57924D}"
EndProject
Global
	GlobalSection(SolutionConfigurationPlatforms) = preSolution
		Debug|Any CPU = Debug|Any CPU
		Release|Any CPU = Release|Any CPU
	EndGlobalSection
	GlobalSection(ProjectConfigurationPlatforms) = postSolution
		{2A400A70-0316-441E-B76C-ECA73A57924D}.Debug|Any CPU.ActiveCfg = Debug|Any CPU
		{2A400A70-0316-441E-B76C-ECA73A57924D}.Debug|Any CPU.Build.0 = Debug|Any CPU
		{2A400A70-0316-441E-B76C-ECA73A57924D}.Release|Any CPU.ActiveCfg = Release|Any CPU
		{2A400A70-0316-441E-B76C-ECA73A57924D}.Release|Any CPU.Build.0 = Release|Any CPU
	EndGlobalSection
	GlobalSection(SolutionProperties) = preSolution
		HideSolutionNode = FALSE
	EndGlobalSection
	GlobalSection(ExtensibilityGlobals) = postSolution
		SolutionGuid = {08DCD328-F8B9-4703-A94B-EC7CD24CB536}
	EndGlobalSection
EndGlobal
